
Microsoft Visual Studio Solution File, Format Version 12.00
# Visual Studio Version 16
VisualStudioVersion = 16.0.30011.22
MinimumVisualStudioVersion = 10.0.40219.1
Project("{9A19103F-16F7-4668-BE54-9A1E7A4F7556}") = "CoreLibrary", "CoreLibrary\CoreLibrary.csproj", "{E2BF3FB5-2B8C-4648-975E-D6F0CA7D2727}"
EndProject
Project("{9A19103F-16F7-4668-BE54-9A1E7A4F7556}") = "InfrastructureLibrary", "InfrastructureLibrary\InfrastructureLibrary.csproj", "{1EBCC849-BFC9-480E-BB67-BB11F79BFD08}"
EndProject
Project("{2150E333-8FDC-42A3-9474-1A3956D46DE8}") = "Front-End", "Front-End", "{CE27DA47-3FCF-42B0-8A0B-7311D96690A7}"
EndProject
Project("{2150E333-8FDC-42A3-9474-1A3956D46DE8}") = "Backend", "Backend", "{266A9545-A957-4B74-A416-A6A9866EDEAD}"
EndProject
Project("{9A19103F-16F7-4668-BE54-9A1E7A4F7556}") = "HICS", "HICS\HICS.csproj", "{96867D8C-F7FC-46BD-BACF-CC75AF70D949}"
EndProject
Project("{FAE04EC0-301F-11D3-BF4B-00C04F79EFBC}") = "Extension", "Extension\Extension.csproj", "{5DBF016C-B553-4EBF-9CEB-83D1725BE70C}"
EndProject
Project("{9A19103F-16F7-4668-BE54-9A1E7A4F7556}") = "HICSManager", "HICSManager\HICSManager.csproj", "{C747B232-2F6B-4E99-9474-538BB5723113}"
EndProject
Project("{9A19103F-16F7-4668-BE54-9A1E7A4F7556}") = "PushNotificationAPI", "PushNotificationAPI\PushNotificationAPI.csproj", "{DFBA7D48-6001-420E-A474-561E6C441F4A}"
EndProject
Project("{9A19103F-16F7-4668-BE54-9A1E7A4F7556}") = "DashboardAPI", "DashboardAPI\DashboardAPI.csproj", "{5DD88091-FCFD-42A6-9FD9-B4CA45BFB988}"
EndProject
Project("{2150E333-8FDC-42A3-9474-1A3956D46DE8}") = "Solution Items", "Solution Items", "{77A4A06A-D2D6-4E85-A2DD-1309E3C081EF}"
	ProjectSection(SolutionItems) = preProject
		Notes.txt = Notes.txt
	EndProjectSection
EndProject
Project("{9A19103F-16F7-4668-BE54-9A1E7A4F7556}") = "HICS.Library", "HICS.Library\HICS.Library.csproj", "{952A427C-8D61-496F-AA29-8896E23F46DD}"
EndProject
Project("{9A19103F-16F7-4668-BE54-9A1E7A4F7556}") = "HICSDashboard", "HICSDashboard\HICSDashboard.csproj", "{452B8E80-F843-4235-A962-0AD70DAE3D05}"
EndProject
Global
	GlobalSection(SolutionConfigurationPlatforms) = preSolution
		Debug|Any CPU = Debug|Any CPU
		Debug|iPhone = Debug|iPhone
		Debug|iPhoneSimulator = Debug|iPhoneSimulator
		Release|Any CPU = Release|Any CPU
		Release|iPhone = Release|iPhone
		Release|iPhoneSimulator = Release|iPhoneSimulator
	EndGlobalSection
	GlobalSection(ProjectConfigurationPlatforms) = postSolution
		{E2BF3FB5-2B8C-4648-975E-D6F0CA7D2727}.Debug|Any CPU.ActiveCfg = Debug|Any CPU
		{E2BF3FB5-2B8C-4648-975E-D6F0CA7D2727}.Debug|Any CPU.Build.0 = Debug|Any CPU
		{E2BF3FB5-2B8C-4648-975E-D6F0CA7D2727}.Debug|iPhone.ActiveCfg = Debug|Any CPU
		{E2BF3FB5-2B8C-4648-975E-D6F0CA7D2727}.Debug|iPhone.Build.0 = Debug|Any CPU
		{E2BF3FB5-2B8C-4648-975E-D6F0CA7D2727}.Debug|iPhoneSimulator.ActiveCfg = Debug|Any CPU
		{E2BF3FB5-2B8C-4648-975E-D6F0CA7D2727}.Debug|iPhoneSimulator.Build.0 = Debug|Any CPU
		{E2BF3FB5-2B8C-4648-975E-D6F0CA7D2727}.Release|Any CPU.ActiveCfg = Release|Any CPU
		{E2BF3FB5-2B8C-4648-975E-D6F0CA7D2727}.Release|Any CPU.Build.0 = Release|Any CPU
		{E2BF3FB5-2B8C-4648-975E-D6F0CA7D2727}.Release|iPhone.ActiveCfg = Release|Any CPU
		{E2BF3FB5-2B8C-4648-975E-D6F0CA7D2727}.Release|iPhone.Build.0 = Release|Any CPU
		{E2BF3FB5-2B8C-4648-975E-D6F0CA7D2727}.Release|iPhoneSimulator.ActiveCfg = Release|Any CPU
		{E2BF3FB5-2B8C-4648-975E-D6F0CA7D2727}.Release|iPhoneSimulator.Build.0 = Release|Any CPU
		{1EBCC849-BFC9-480E-BB67-BB11F79BFD08}.Debug|Any CPU.ActiveCfg = Debug|Any CPU
		{1EBCC849-BFC9-480E-BB67-BB11F79BFD08}.Debug|Any CPU.Build.0 = Debug|Any CPU
		{1EBCC849-BFC9-480E-BB67-BB11F79BFD08}.Debug|iPhone.ActiveCfg = Debug|Any CPU
		{1EBCC849-BFC9-480E-BB67-BB11F79BFD08}.Debug|iPhone.Build.0 = Debug|Any CPU
		{1EBCC849-BFC9-480E-BB67-BB11F79BFD08}.Debug|iPhoneSimulator.ActiveCfg = Debug|Any CPU
		{1EBCC849-BFC9-480E-BB67-BB11F79BFD08}.Debug|iPhoneSimulator.Build.0 = Debug|Any CPU
		{1EBCC849-BFC9-480E-BB67-BB11F79BFD08}.Release|Any CPU.ActiveCfg = Release|Any CPU
		{1EBCC849-BFC9-480E-BB67-BB11F79BFD08}.Release|Any CPU.Build.0 = Release|Any CPU
		{1EBCC849-BFC9-480E-BB67-BB11F79BFD08}.Release|iPhone.ActiveCfg = Release|Any CPU
		{1EBCC849-BFC9-480E-BB67-BB11F79BFD08}.Release|iPhone.Build.0 = Release|Any CPU
		{1EBCC849-BFC9-480E-BB67-BB11F79BFD08}.Release|iPhoneSimulator.ActiveCfg = Release|Any CPU
		{1EBCC849-BFC9-480E-BB67-BB11F79BFD08}.Release|iPhoneSimulator.Build.0 = Release|Any CPU
		{96867D8C-F7FC-46BD-BACF-CC75AF70D949}.Debug|Any CPU.ActiveCfg = Debug|Any CPU
		{96867D8C-F7FC-46BD-BACF-CC75AF70D949}.Debug|Any CPU.Build.0 = Debug|Any CPU
		{96867D8C-F7FC-46BD-BACF-CC75AF70D949}.Debug|iPhone.ActiveCfg = Debug|Any CPU
		{96867D8C-F7FC-46BD-BACF-CC75AF70D949}.Debug|iPhone.Build.0 = Debug|Any CPU
		{96867D8C-F7FC-46BD-BACF-CC75AF70D949}.Debug|iPhoneSimulator.ActiveCfg = Debug|Any CPU
		{96867D8C-F7FC-46BD-BACF-CC75AF70D949}.Debug|iPhoneSimulator.Build.0 = Debug|Any CPU
		{96867D8C-F7FC-46BD-BACF-CC75AF70D949}.Release|Any CPU.ActiveCfg = Release|Any CPU
		{96867D8C-F7FC-46BD-BACF-CC75AF70D949}.Release|Any CPU.Build.0 = Release|Any CPU
		{96867D8C-F7FC-46BD-BACF-CC75AF70D949}.Release|iPhone.ActiveCfg = Release|Any CPU
		{96867D8C-F7FC-46BD-BACF-CC75AF70D949}.Release|iPhone.Build.0 = Release|Any CPU
		{96867D8C-F7FC-46BD-BACF-CC75AF70D949}.Release|iPhoneSimulator.ActiveCfg = Release|Any CPU
		{96867D8C-F7FC-46BD-BACF-CC75AF70D949}.Release|iPhoneSimulator.Build.0 = Release|Any CPU
		{5DBF016C-B553-4EBF-9CEB-83D1725BE70C}.Debug|Any CPU.ActiveCfg = Debug|Any CPU
		{5DBF016C-B553-4EBF-9CEB-83D1725BE70C}.Debug|Any CPU.Build.0 = Debug|Any CPU
		{5DBF016C-B553-4EBF-9CEB-83D1725BE70C}.Debug|iPhone.ActiveCfg = Debug|Any CPU
		{5DBF016C-B553-4EBF-9CEB-83D1725BE70C}.Debug|iPhone.Build.0 = Debug|Any CPU
		{5DBF016C-B553-4EBF-9CEB-83D1725BE70C}.Debug|iPhoneSimulator.ActiveCfg = Debug|Any CPU
		{5DBF016C-B553-4EBF-9CEB-83D1725BE70C}.Debug|iPhoneSimulator.Build.0 = Debug|Any CPU
		{5DBF016C-B553-4EBF-9CEB-83D1725BE70C}.Release|Any CPU.ActiveCfg = Release|Any CPU
		{5DBF016C-B553-4EBF-9CEB-83D1725BE70C}.Release|Any CPU.Build.0 = Release|Any CPU
		{5DBF016C-B553-4EBF-9CEB-83D1725BE70C}.Release|iPhone.ActiveCfg = Release|Any CPU
		{5DBF016C-B553-4EBF-9CEB-83D1725BE70C}.Release|iPhone.Build.0 = Release|Any CPU
		{5DBF016C-B553-4EBF-9CEB-83D1725BE70C}.Release|iPhoneSimulator.ActiveCfg = Release|Any CPU
		{5DBF016C-B553-4EBF-9CEB-83D1725BE70C}.Release|iPhoneSimulator.Build.0 = Release|Any CPU
		{C747B232-2F6B-4E99-9474-538BB5723113}.Debug|Any CPU.ActiveCfg = Debug|Any CPU
		{C747B232-2F6B-4E99-9474-538BB5723113}.Debug|Any CPU.Build.0 = Debug|Any CPU
		{C747B232-2F6B-4E99-9474-538BB5723113}.Debug|iPhone.ActiveCfg = Debug|Any CPU
		{C747B232-2F6B-4E99-9474-538BB5723113}.Debug|iPhone.Build.0 = Debug|Any CPU
		{C747B232-2F6B-4E99-9474-538BB5723113}.Debug|iPhoneSimulator.ActiveCfg = Debug|Any CPU
		{C747B232-2F6B-4E99-9474-538BB5723113}.Debug|iPhoneSimulator.Build.0 = Debug|Any CPU
		{C747B232-2F6B-4E99-9474-538BB5723113}.Release|Any CPU.ActiveCfg = Release|Any CPU
		{C747B232-2F6B-4E99-9474-538BB5723113}.Release|Any CPU.Build.0 = Release|Any CPU
		{C747B232-2F6B-4E99-9474-538BB5723113}.Release|iPhone.ActiveCfg = Release|Any CPU
		{C747B232-2F6B-4E99-9474-538BB5723113}.Release|iPhone.Build.0 = Release|Any CPU
		{C747B232-2F6B-4E99-9474-538BB5723113}.Release|iPhoneSimulator.ActiveCfg = Release|Any CPU
		{C747B232-2F6B-4E99-9474-538BB5723113}.Release|iPhoneSimulator.Build.0 = Release|Any CPU
		{DFBA7D48-6001-420E-A474-561E6C441F4A}.Debug|Any CPU.ActiveCfg = Debug|Any CPU
		{DFBA7D48-6001-420E-A474-561E6C441F4A}.Debug|Any CPU.Build.0 = Debug|Any CPU
		{DFBA7D48-6001-420E-A474-561E6C441F4A}.Debug|iPhone.ActiveCfg = Debug|Any CPU
		{DFBA7D48-6001-420E-A474-561E6C441F4A}.Debug|iPhone.Build.0 = Debug|Any CPU
		{DFBA7D48-6001-420E-A474-561E6C441F4A}.Debug|iPhoneSimulator.ActiveCfg = Debug|Any CPU
		{DFBA7D48-6001-420E-A474-561E6C441F4A}.Debug|iPhoneSimulator.Build.0 = Debug|Any CPU
		{DFBA7D48-6001-420E-A474-561E6C441F4A}.Release|Any CPU.ActiveCfg = Release|Any CPU
		{DFBA7D48-6001-420E-A474-561E6C441F4A}.Release|Any CPU.Build.0 = Release|Any CPU
		{DFBA7D48-6001-420E-A474-561E6C441F4A}.Release|iPhone.ActiveCfg = Release|Any CPU
		{DFBA7D48-6001-420E-A474-561E6C441F4A}.Release|iPhone.Build.0 = Release|Any CPU
		{DFBA7D48-6001-420E-A474-561E6C441F4A}.Release|iPhoneSimulator.ActiveCfg = Release|Any CPU
		{DFBA7D48-6001-420E-A474-561E6C441F4A}.Release|iPhoneSimulator.Build.0 = Release|Any CPU
		{5DD88091-FCFD-42A6-9FD9-B4CA45BFB988}.Debug|Any CPU.ActiveCfg = Debug|Any CPU
		{5DD88091-FCFD-42A6-9FD9-B4CA45BFB988}.Debug|Any CPU.Build.0 = Debug|Any CPU
		{5DD88091-FCFD-42A6-9FD9-B4CA45BFB988}.Debug|iPhone.ActiveCfg = Debug|Any CPU
		{5DD88091-FCFD-42A6-9FD9-B4CA45BFB988}.Debug|iPhone.Build.0 = Debug|Any CPU
		{5DD88091-FCFD-42A6-9FD9-B4CA45BFB988}.Debug|iPhoneSimulator.ActiveCfg = Debug|Any CPU
		{5DD88091-FCFD-42A6-9FD9-B4CA45BFB988}.Debug|iPhoneSimulator.Build.0 = Debug|Any CPU
		{5DD88091-FCFD-42A6-9FD9-B4CA45BFB988}.Release|Any CPU.ActiveCfg = Release|Any CPU
		{5DD88091-FCFD-42A6-9FD9-B4CA45BFB988}.Release|Any CPU.Build.0 = Release|Any CPU
		{5DD88091-FCFD-42A6-9FD9-B4CA45BFB988}.Release|iPhone.ActiveCfg = Release|Any CPU
		{5DD88091-FCFD-42A6-9FD9-B4CA45BFB988}.Release|iPhone.Build.0 = Release|Any CPU
		{5DD88091-FCFD-42A6-9FD9-B4CA45BFB988}.Release|iPhoneSimulator.ActiveCfg = Release|Any CPU
		{5DD88091-FCFD-42A6-9FD9-B4CA45BFB988}.Release|iPhoneSimulator.Build.0 = Release|Any CPU
		{952A427C-8D61-496F-AA29-8896E23F46DD}.Debug|Any CPU.ActiveCfg = Debug|Any CPU
		{952A427C-8D61-496F-AA29-8896E23F46DD}.Debug|Any CPU.Build.0 = Debug|Any CPU
		{952A427C-8D61-496F-AA29-8896E23F46DD}.Debug|iPhone.ActiveCfg = Debug|Any CPU
		{952A427C-8D61-496F-AA29-8896E23F46DD}.Debug|iPhone.Build.0 = Debug|Any CPU
		{952A427C-8D61-496F-AA29-8896E23F46DD}.Debug|iPhoneSimulator.ActiveCfg = Debug|Any CPU
		{952A427C-8D61-496F-AA29-8896E23F46DD}.Debug|iPhoneSimulator.Build.0 = Debug|Any CPU
		{952A427C-8D61-496F-AA29-8896E23F46DD}.Release|Any CPU.ActiveCfg = Release|Any CPU
		{952A427C-8D61-496F-AA29-8896E23F46DD}.Release|Any CPU.Build.0 = Release|Any CPU
		{952A427C-8D61-496F-AA29-8896E23F46DD}.Release|iPhone.ActiveCfg = Release|Any CPU
		{952A427C-8D61-496F-AA29-8896E23F46DD}.Release|iPhone.Build.0 = Release|Any CPU
		{952A427C-8D61-496F-AA29-8896E23F46DD}.Release|iPhoneSimulator.ActiveCfg = Release|Any CPU
		{952A427C-8D61-496F-AA29-8896E23F46DD}.Release|iPhoneSimulator.Build.0 = Release|Any CPU
		{452B8E80-F843-4235-A962-0AD70DAE3D05}.Debug|Any CPU.ActiveCfg = Debug|Any CPU
		{452B8E80-F843-4235-A962-0AD70DAE3D05}.Debug|Any CPU.Build.0 = Debug|Any CPU
		{452B8E80-F843-4235-A962-0AD70DAE3D05}.Debug|iPhone.ActiveCfg = Debug|Any CPU
		{452B8E80-F843-4235-A962-0AD70DAE3D05}.Debug|iPhone.Build.0 = Debug|Any CPU
		{452B8E80-F843-4235-A962-0AD70DAE3D05}.Debug|iPhoneSimulator.ActiveCfg = Debug|Any CPU
		{452B8E80-F843-4235-A962-0AD70DAE3D05}.Debug|iPhoneSimulator.Build.0 = Debug|Any CPU
		{452B8E80-F843-4235-A962-0AD70DAE3D05}.Release|Any CPU.ActiveCfg = Release|Any CPU
		{452B8E80-F843-4235-A962-0AD70DAE3D05}.Release|Any CPU.Build.0 = Release|Any CPU
		{452B8E80-F843-4235-A962-0AD70DAE3D05}.Release|iPhone.ActiveCfg = Release|Any CPU
		{452B8E80-F843-4235-A962-0AD70DAE3D05}.Release|iPhone.Build.0 = Release|Any CPU
		{452B8E80-F843-4235-A962-0AD70DAE3D05}.Release|iPhoneSimulator.ActiveCfg = Release|Any CPU
		{452B8E80-F843-4235-A962-0AD70DAE3D05}.Release|iPhoneSimulator.Build.0 = Release|Any CPU
	EndGlobalSection
	GlobalSection(SolutionProperties) = preSolution
		HideSolutionNode = FALSE
	EndGlobalSection
	GlobalSection(NestedProjects) = preSolution
		{E2BF3FB5-2B8C-4648-975E-D6F0CA7D2727} = {266A9545-A957-4B74-A416-A6A9866EDEAD}
		{1EBCC849-BFC9-480E-BB67-BB11F79BFD08} = {266A9545-A957-4B74-A416-A6A9866EDEAD}
		{96867D8C-F7FC-46BD-BACF-CC75AF70D949} = {CE27DA47-3FCF-42B0-8A0B-7311D96690A7}
		{5DBF016C-B553-4EBF-9CEB-83D1725BE70C} = {266A9545-A957-4B74-A416-A6A9866EDEAD}
		{C747B232-2F6B-4E99-9474-538BB5723113} = {CE27DA47-3FCF-42B0-8A0B-7311D96690A7}
		{DFBA7D48-6001-420E-A474-561E6C441F4A} = {266A9545-A957-4B74-A416-A6A9866EDEAD}
		{5DD88091-FCFD-42A6-9FD9-B4CA45BFB988} = {266A9545-A957-4B74-A416-A6A9866EDEAD}
		{952A427C-8D61-496F-AA29-8896E23F46DD} = {CE27DA47-3FCF-42B0-8A0B-7311D96690A7}
		{452B8E80-F843-4235-A962-0AD70DAE3D05} = {CE27DA47-3FCF-42B0-8A0B-7311D96690A7}
	EndGlobalSection
	GlobalSection(ExtensibilityGlobals) = postSolution
		SolutionGuid = {2670E1CF-CD64-48F3-B3B8-CA58EBC23949}
	EndGlobalSection
EndGlobal
